
Microsoft Visual Studio Solution File, Format Version 12.00
# Visual Studio Version 16
VisualStudioVersion = 16.0.31129.286
MinimumVisualStudioVersion = 10.0.40219.1
Project("{FAE04EC0-301F-11D3-BF4B-00C04F79EFBC}") = "NewWebAPI", "NewWebAPI.csproj", "{9031FA6F-E876-4DB7-9178-02745A12C4E6}"
EndProject
Global
	GlobalSection(SolutionConfigurationPlatforms) = preSolution
		Debug|Any CPU = Debug|Any CPU
		Release|Any CPU = Release|Any CPU
	EndGlobalSection
	GlobalSection(ProjectConfigurationPlatforms) = postSolution
		{9031FA6F-E876-4DB7-9178-02745A12C4E6}.Debug|Any CPU.ActiveCfg = Debug|Any CPU
		{9031FA6F-E876-4DB7-9178-02745A12C4E6}.Debug|Any CPU.Build.0 = Debug|Any CPU
		{9031FA6F-E876-4DB7-9178-02745A12C4E6}.Release|Any CPU.ActiveCfg = Release|Any CPU
		{9031FA6F-E876-4DB7-9178-02745A12C4E6}.Release|Any CPU.Build.0 = Release|Any CPU
	EndGlobalSection
	GlobalSection(SolutionProperties) = preSolution
		HideSolutionNode = FALSE
	EndGlobalSection
	GlobalSection(ExtensibilityGlobals) = postSolution
		SolutionGuid = {C54C0D3E-1ACB-4E69-9282-9C5649F7D0D3}
	EndGlobalSection
EndGlobal
